
Microsoft Visual Studio Solution File, Format Version 12.00
# Visual Studio Version 16
VisualStudioVersion = 16.0.31624.102
MinimumVisualStudioVersion = 10.0.40219.1
Project("{FAE04EC0-301F-11D3-BF4B-00C04F79EFBC}") = "OnlineAppInfoManager", "OnlineAppInfoManager.csproj", "{B7A11936-1CD1-42CF-9F74-09A66615DB08}"
EndProject
Global
	GlobalSection(SolutionConfigurationPlatforms) = preSolution
		Debug|Any CPU = Debug|Any CPU
		Release|Any CPU = Release|Any CPU
	EndGlobalSection
	GlobalSection(ProjectConfigurationPlatforms) = postSolution
		{B7A11936-1CD1-42CF-9F74-09A66615DB08}.Debug|Any CPU.ActiveCfg = Debug|Any CPU
		{B7A11936-1CD1-42CF-9F74-09A66615DB08}.Debug|Any CPU.Build.0 = Debug|Any CPU
		{B7A11936-1CD1-42CF-9F74-09A66615DB08}.Release|Any CPU.ActiveCfg = Release|Any CPU
		{B7A11936-1CD1-42CF-9F74-09A66615DB08}.Release|Any CPU.Build.0 = Release|Any CPU
	EndGlobalSection
	GlobalSection(SolutionProperties) = preSolution
		HideSolutionNode = FALSE
	EndGlobalSection
	GlobalSection(ExtensibilityGlobals) = postSolution
		SolutionGuid = {E34A2E06-B86F-4A7A-9E55-EC72ACF4EE4D}
	EndGlobalSection
EndGlobal
